
Microsoft Visual Studio Solution File, Format Version 12.00
# Visual Studio Version 17
VisualStudioVersion = 17.14.36127.28 d17.14
MinimumVisualStudioVersion = 10.0.40219.1
Project("{FAE04EC0-301F-11D3-BF4B-00C04F79EFBC}") = "Project.API", "Project.API\Project.API.csproj", "{1B70C7F9-2073-4C16-9479-5607FF9E9188}"
EndProject
Project("{FAE04EC0-301F-11D3-BF4B-00C04F79EFBC}") = "Project.Data", "Project.Data\Project.Data.csproj", "{18D016C8-2172-4199-AA57-873181930063}"
EndProject
Project("{FAE04EC0-301F-11D3-BF4B-00C04F79EFBC}") = "Project.Infrastructure", "Project.Infrastructure\Project.Infrastructure.csproj", "{86A1C3BF-6621-40D7-8D26-5ED098D2B1DA}"
EndProject
Project("{FAE04EC0-301F-11D3-BF4B-00C04F79EFBC}") = "Project.Service", "Project.Service\Project.Service.csproj", "{8AEBA044-7B9E-48D2-975F-DA4CD81312B9}"
EndProject
Project("{FAE04EC0-301F-11D3-BF4B-00C04F79EFBC}") = "Project.Core", "Project.Core\Project.Core.csproj", "{729D0595-9FF7-4BA8-B68A-35005DDAD37A}"
EndProject
Global
	GlobalSection(SolutionConfigurationPlatforms) = preSolution
		Debug|Any CPU = Debug|Any CPU
		Release|Any CPU = Release|Any CPU
	EndGlobalSection
	GlobalSection(ProjectConfigurationPlatforms) = postSolution
		{1B70C7F9-2073-4C16-9479-5607FF9E9188}.Debug|Any CPU.ActiveCfg = Debug|Any CPU
		{1B70C7F9-2073-4C16-9479-5607FF9E9188}.Debug|Any CPU.Build.0 = Debug|Any CPU
		{1B70C7F9-2073-4C16-9479-5607FF9E9188}.Release|Any CPU.ActiveCfg = Release|Any CPU
		{1B70C7F9-2073-4C16-9479-5607FF9E9188}.Release|Any CPU.Build.0 = Release|Any CPU
		{18D016C8-2172-4199-AA57-873181930063}.Debug|Any CPU.ActiveCfg = Debug|Any CPU
		{18D016C8-2172-4199-AA57-873181930063}.Debug|Any CPU.Build.0 = Debug|Any CPU
		{18D016C8-2172-4199-AA57-873181930063}.Release|Any CPU.ActiveCfg = Release|Any CPU
		{18D016C8-2172-4199-AA57-873181930063}.Release|Any CPU.Build.0 = Release|Any CPU
		{86A1C3BF-6621-40D7-8D26-5ED098D2B1DA}.Debug|Any CPU.ActiveCfg = Debug|Any CPU
		{86A1C3BF-6621-40D7-8D26-5ED098D2B1DA}.Debug|Any CPU.Build.0 = Debug|Any CPU
		{86A1C3BF-6621-40D7-8D26-5ED098D2B1DA}.Release|Any CPU.ActiveCfg = Release|Any CPU
		{86A1C3BF-6621-40D7-8D26-5ED098D2B1DA}.Release|Any CPU.Build.0 = Release|Any CPU
		{8AEBA044-7B9E-48D2-975F-DA4CD81312B9}.Debug|Any CPU.ActiveCfg = Debug|Any CPU
		{8AEBA044-7B9E-48D2-975F-DA4CD81312B9}.Debug|Any CPU.Build.0 = Debug|Any CPU
		{8AEBA044-7B9E-48D2-975F-DA4CD81312B9}.Release|Any CPU.ActiveCfg = Release|Any CPU
		{8AEBA044-7B9E-48D2-975F-DA4CD81312B9}.Release|Any CPU.Build.0 = Release|Any CPU
		{729D0595-9FF7-4BA8-B68A-35005DDAD37A}.Debug|Any CPU.ActiveCfg = Debug|Any CPU
		{729D0595-9FF7-4BA8-B68A-35005DDAD37A}.Debug|Any CPU.Build.0 = Debug|Any CPU
		{729D0595-9FF7-4BA8-B68A-35005DDAD37A}.Release|Any CPU.ActiveCfg = Release|Any CPU
		{729D0595-9FF7-4BA8-B68A-35005DDAD37A}.Release|Any CPU.Build.0 = Release|Any CPU
	EndGlobalSection
	GlobalSection(SolutionProperties) = preSolution
		HideSolutionNode = FALSE
	EndGlobalSection
	GlobalSection(ExtensibilityGlobals) = postSolution
		SolutionGuid = {30CF8E1D-6BC8-4925-BE0A-A5C97200E439}
	EndGlobalSection
EndGlobal
